
Microsoft Visual Studio Solution File, Format Version 12.00
# Visual Studio Version 17
VisualStudioVersion = 17.11.35219.272
MinimumVisualStudioVersion = 10.0.40219.1
Project("{FAE04EC0-301F-11D3-BF4B-00C04F79EFBC}") = "SD_EXIF_Editor_v2", "SD_EXIF_Editor_v2\SD_EXIF_Editor_v2.csproj", "{F29BE56F-BE0B-463F-B7CB-47EB934E650D}"
EndProject
Project("{FAE04EC0-301F-11D3-BF4B-00C04F79EFBC}") = "SD_EXIF_Editor_v2.Android", "SD_EXIF_Editor_v2.Android\SD_EXIF_Editor_v2.Android.csproj", "{1C600D7F-A15F-4DFB-8709-69E378B00A3A}"
EndProject
Project("{FAE04EC0-301F-11D3-BF4B-00C04F79EFBC}") = "SD_EXIF_Editor_v2.Desktop", "SD_EXIF_Editor_v2.Desktop\SD_EXIF_Editor_v2.Desktop.csproj", "{66A850D7-6BE1-4DE0-B88D-C0BDF4C66C0B}"
EndProject
Global
	GlobalSection(SolutionConfigurationPlatforms) = preSolution
		Debug|Any CPU = Debug|Any CPU
		Release|Any CPU = Release|Any CPU
	EndGlobalSection
	GlobalSection(ProjectConfigurationPlatforms) = postSolution
		{F29BE56F-BE0B-463F-B7CB-47EB934E650D}.Debug|Any CPU.ActiveCfg = Debug|Any CPU
		{F29BE56F-BE0B-463F-B7CB-47EB934E650D}.Debug|Any CPU.Build.0 = Debug|Any CPU
		{F29BE56F-BE0B-463F-B7CB-47EB934E650D}.Release|Any CPU.ActiveCfg = Release|Any CPU
		{F29BE56F-BE0B-463F-B7CB-47EB934E650D}.Release|Any CPU.Build.0 = Release|Any CPU
		{1C600D7F-A15F-4DFB-8709-69E378B00A3A}.Debug|Any CPU.ActiveCfg = Debug|Any CPU
		{1C600D7F-A15F-4DFB-8709-69E378B00A3A}.Debug|Any CPU.Build.0 = Debug|Any CPU
		{1C600D7F-A15F-4DFB-8709-69E378B00A3A}.Debug|Any CPU.Deploy.0 = Debug|Any CPU
		{1C600D7F-A15F-4DFB-8709-69E378B00A3A}.Release|Any CPU.ActiveCfg = Release|Any CPU
		{1C600D7F-A15F-4DFB-8709-69E378B00A3A}.Release|Any CPU.Build.0 = Release|Any CPU
		{1C600D7F-A15F-4DFB-8709-69E378B00A3A}.Release|Any CPU.Deploy.0 = Release|Any CPU
		{66A850D7-6BE1-4DE0-B88D-C0BDF4C66C0B}.Debug|Any CPU.ActiveCfg = Debug|Any CPU
		{66A850D7-6BE1-4DE0-B88D-C0BDF4C66C0B}.Debug|Any CPU.Build.0 = Debug|Any CPU
		{66A850D7-6BE1-4DE0-B88D-C0BDF4C66C0B}.Release|Any CPU.ActiveCfg = Release|Any CPU
		{66A850D7-6BE1-4DE0-B88D-C0BDF4C66C0B}.Release|Any CPU.Build.0 = Release|Any CPU
	EndGlobalSection
	GlobalSection(SolutionProperties) = preSolution
		HideSolutionNode = FALSE
	EndGlobalSection
	GlobalSection(ExtensibilityGlobals) = postSolution
		SolutionGuid = {2E795700-0330-45A5-B337-138ED6D0DAB8}
	EndGlobalSection
EndGlobal
